# This file is automatically @generated by Cargo.
# It is not intended for manual editing.
version = 3

[[package]]
name = "failure"
version = "0.1.8"
dependencies = [
 "failure_derive",
]

[[package]]
name = "failure_derive"
version = "0.1.8"
dependencies = [
 "syn",
]

[[package]]
name = "syn"
version = "1.0.73"
